// !$*UTF8*$!
{
	archiveVersion = 1;
	classes = {
	};
	objectVersion = 56;
	objects = {

/* Begin PBXBuildFile section */
		84EA4DBC2B24DA51001B3CF0 /* NC3_SwiftUI_Repeatable_List_Of_ObjectsApp.swift in Sources */ = {isa = PBXBuildFile; fileRef = 84EA4DBB2B24DA51001B3CF0 /* NC3_SwiftUI_Repeatable_List_Of_ObjectsApp.swift */; };
		84EA4DBE2B24DA51001B3CF0 /* ContentView.swift in Sources */ = {isa = PBXBuildFile; fileRef = 84EA4DBD2B24DA51001B3CF0 /* ContentView.swift */; };
		84EA4DC02B24DA53001B3CF0 /* Assets.xcassets in Resources */ = {isa = PBXBuildFile; fileRef = 84EA4DBF2B24DA53001B3CF0 /* Assets.xcassets */; };
		84EA4DC32B24DA53001B3CF0 /* Preview Assets.xcassets in Resources */ = {isa = PBXBuildFile; fileRef = 84EA4DC22B24DA53001B3CF0 /* Preview Assets.xcassets */; };
		84EA4DCA2B24DA7B001B3CF0 /* Student.swift in Sources */ = {isa = PBXBuildFile; fileRef = 84EA4DC92B24DA7B001B3CF0 /* Student.swift */; };
		84EA4DCC2B24DB7E001B3CF0 /* StudentRowView.swift in Sources */ = {isa = PBXBuildFile; fileRef = 84EA4DCB2B24DB7E001B3CF0 /* StudentRowView.swift */; };
		84EA4DCE2B24DB8D001B3CF0 /* StudentDetailView.swift in Sources */ = {isa = PBXBuildFile; fileRef = 84EA4DCD2B24DB8D001B3CF0 /* StudentDetailView.swift */; };
		84EA4DD02B24DE2F001B3CF0 /* Lesson Schedule.plist in Resources */ = {isa = PBXBuildFile; fileRef = 84EA4DCF2B24DE2F001B3CF0 /* Lesson Schedule.plist */; };
/* End PBXBuildFile section */

/* Begin PBXFileReference section */
		84EA4DB82B24DA51001B3CF0 /* NC3 SwiftUI Repeatable List Of Objects.app */ = {isa = PBXFileReference; explicitFileType = wrapper.application; includeInIndex = 0; path = "NC3 SwiftUI Repeatable List Of Objects.app"; sourceTree = BUILT_PRODUCTS_DIR; };
		84EA4DBB2B24DA51001B3CF0 /* NC3_SwiftUI_Repeatable_List_Of_ObjectsApp.swift */ = {isa = PBXFileReference; lastKnownFileType = sourcecode.swift; path = NC3_SwiftUI_Repeatable_List_Of_ObjectsApp.swift; sourceTree = "<group>"; };
		84EA4DBD2B24DA51001B3CF0 /* ContentView.swift */ = {isa = PBXFileReference; lastKnownFileType = sourcecode.swift; path = ContentView.swift; sourceTree = "<group>"; };
		84EA4DBF2B24DA53001B3CF0 /* Assets.xcassets */ = {isa = PBXFileReference; lastKnownFileType = folder.assetcatalog; path = Assets.xcassets; sourceTree = "<group>"; };
		84EA4DC22B24DA53001B3CF0 /* Preview Assets.xcassets */ = {isa = PBXFileReference; lastKnownFileType = folder.assetcatalog; path = "Preview Assets.xcassets"; sourceTree = "<group>"; };
		84EA4DC92B24DA7B001B3CF0 /* Student.swift */ = {isa = PBXFileReference; lastKnownFileType = sourcecode.swift; path = Student.swift; sourceTree = "<group>"; };
		84EA4DCB2B24DB7E001B3CF0 /* StudentRowView.swift */ = {isa = PBXFileReference; lastKnownFileType = sourcecode.swift; path = StudentRowView.swift; sourceTree = "<group>"; };
		84EA4DCD2B24DB8D001B3CF0 /* StudentDetailView.swift */ = {isa = PBXFileReference; lastKnownFileType = sourcecode.swift; path = StudentDetailView.swift; sourceTree = "<group>"; };
		84EA4DCF2B24DE2F001B3CF0 /* Lesson Schedule.plist */ = {isa = PBXFileReference; lastKnownFileType = text.plist.xml; path = "Lesson Schedule.plist"; sourceTree = "<group>"; };
/* End PBXFileReference section */

/* Begin PBXFrameworksBuildPhase section */
		84EA4DB52B24DA51001B3CF0 /* Frameworks */ = {
			isa = PBXFrameworksBuildPhase;
			buildActionMask = 2147483647;
			files = (
			);
			runOnlyForDeploymentPostprocessing = 0;
		};
/* End PBXFrameworksBuildPhase section */

/* Begin PBXGroup section */
		84EA4DAF2B24DA51001B3CF0 = {
			isa = PBXGroup;
			children = (
				84EA4DBA2B24DA51001B3CF0 /* NC3 SwiftUI Repeatable List Of Objects */,
				84EA4DB92B24DA51001B3CF0 /* Products */,
			);
			sourceTree = "<group>";
		};
		84EA4DB92B24DA51001B3CF0 /* Products */ = {
			isa = PBXGroup;
			children = (
				84EA4DB82B24DA51001B3CF0 /* NC3 SwiftUI Repeatable List Of Objects.app */,
			);
			name = Products;
			sourceTree = "<group>";
		};
		84EA4DBA2B24DA51001B3CF0 /* NC3 SwiftUI Repeatable List Of Objects */ = {
			isa = PBXGroup;
			children = (
				84EA4DBB2B24DA51001B3CF0 /* NC3_SwiftUI_Repeatable_List_Of_ObjectsApp.swift */,
				84EA4DD32B24EB7B001B3CF0 /* Model */,
				84EA4DD22B24EB71001B3CF0 /* Views */,
				84EA4DD12B24DE39001B3CF0 /* Teacher Resource */,
				84EA4DBF2B24DA53001B3CF0 /* Assets.xcassets */,
				84EA4DC12B24DA53001B3CF0 /* Preview Content */,
			);
			path = "NC3 SwiftUI Repeatable List Of Objects";
			sourceTree = "<group>";
		};
		84EA4DC12B24DA53001B3CF0 /* Preview Content */ = {
			isa = PBXGroup;
			children = (
				84EA4DC22B24DA53001B3CF0 /* Preview Assets.xcassets */,
			);
			path = "Preview Content";
			sourceTree = "<group>";
		};
		84EA4DD12B24DE39001B3CF0 /* Teacher Resource */ = {
			isa = PBXGroup;
			children = (
				84EA4DCF2B24DE2F001B3CF0 /* Lesson Schedule.plist */,
			);
			path = "Teacher Resource";
			sourceTree = "<group>";
		};
		84EA4DD22B24EB71001B3CF0 /* Views */ = {
			isa = PBXGroup;
			children = (
				84EA4DBD2B24DA51001B3CF0 /* ContentView.swift */,
				84EA4DCB2B24DB7E001B3CF0 /* StudentRowView.swift */,
				84EA4DCD2B24DB8D001B3CF0 /* StudentDetailView.swift */,
			);
			path = Views;
			sourceTree = "<group>";
		};
		84EA4DD32B24EB7B001B3CF0 /* Model */ = {
			isa = PBXGroup;
			children = (
				84EA4DC92B24DA7B001B3CF0 /* Student.swift */,
			);
			path = Model;
			sourceTree = "<group>";
		};
/* End PBXGroup section */

/* Begin PBXNativeTarget section */
		84EA4DB72B24DA51001B3CF0 /* NC3 SwiftUI Repeatable List Of Objects */ = {
			isa = PBXNativeTarget;
			buildConfigurationList = 84EA4DC62B24DA53001B3CF0 /* Build configuration list for PBXNativeTarget "NC3 SwiftUI Repeatable List Of Objects" */;
			buildPhases = (
				84EA4DB42B24DA51001B3CF0 /* Sources */,
				84EA4DB52B24DA51001B3CF0 /* Frameworks */,
				84EA4DB62B24DA51001B3CF0 /* Resources */,
			);
			buildRules = (
			);
			dependencies = (
			);
			name = "NC3 SwiftUI Repeatable List Of Objects";
			productName = "NC3 SwiftUI Repeatable List Of Objects";
			productReference = 84EA4DB82B24DA51001B3CF0 /* NC3 SwiftUI Repeatable List Of Objects.app */;
			productType = "com.apple.product-type.application";
		};
/* End PBXNativeTarget section */

/* Begin PBXProject section */
		84EA4DB02B24DA51001B3CF0 /* Project object */ = {
			isa = PBXProject;
			attributes = {
				BuildIndependentTargetsInParallel = 1;
				LastSwiftUpdateCheck = 1500;
				LastUpgradeCheck = 1500;
				TargetAttributes = {
					84EA4DB72B24DA51001B3CF0 = {
						CreatedOnToolsVersion = 15.0.1;
					};
				};
			};
			buildConfigurationList = 84EA4DB32B24DA51001B3CF0 /* Build configuration list for PBXProject "NC3 SwiftUI Repeatable List Of Objects" */;
			compatibilityVersion = "Xcode 14.0";
			developmentRegion = en;
			hasScannedForEncodings = 0;
			knownRegions = (
				en,
				Base,
			);
			mainGroup = 84EA4DAF2B24DA51001B3CF0;
			productRefGroup = 84EA4DB92B24DA51001B3CF0 /* Products */;
			projectDirPath = "";
			projectRoot = "";
			targets = (
				84EA4DB72B24DA51001B3CF0 /* NC3 SwiftUI Repeatable List Of Objects */,
			);
		};
/* End PBXProject section */

/* Begin PBXResourcesBuildPhase section */
		84EA4DB62B24DA51001B3CF0 /* Resources */ = {
			isa = PBXResourcesBuildPhase;
			buildActionMask = 2147483647;
			files = (
				84EA4DC32B24DA53001B3CF0 /* Preview Assets.xcassets in Resources */,
				84EA4DC02B24DA53001B3CF0 /* Assets.xcassets in Resources */,
				84EA4DD02B24DE2F001B3CF0 /* Lesson Schedule.plist in Resources */,
			);
			runOnlyForDeploymentPostprocessing = 0;
		};
/* End PBXResourcesBuildPhase section */

/* Begin PBXSourcesBuildPhase section */
		84EA4DB42B24DA51001B3CF0 /* Sources */ = {
			isa = PBXSourcesBuildPhase;
			buildActionMask = 2147483647;
			files = (
				84EA4DBE2B24DA51001B3CF0 /* ContentView.swift in Sources */,
				84EA4DCC2B24DB7E001B3CF0 /* StudentRowView.swift in Sources */,
				84EA4DCA2B24DA7B001B3CF0 /* Student.swift in Sources */,
				84EA4DCE2B24DB8D001B3CF0 /* StudentDetailView.swift in Sources */,
				84EA4DBC2B24DA51001B3CF0 /* NC3_SwiftUI_Repeatable_List_Of_ObjectsApp.swift in Sources */,
			);
			runOnlyForDeploymentPostprocessing = 0;
		};
/* End PBXSourcesBuildPhase section */

/* Begin XCBuildConfiguration section */
		84EA4DC42B24DA53001B3CF0 /* Debug */ = {
			isa = XCBuildConfiguration;
			buildSettings = {
				ALWAYS_SEARCH_USER_PATHS = NO;
				ASSETCATALOG_COMPILER_GENERATE_SWIFT_ASSET_SYMBOL_EXTENSIONS = YES;
				CLANG_ANALYZER_NONNULL = YES;
				CLANG_ANALYZER_NUMBER_OBJECT_CONVERSION = YES_AGGRESSIVE;
				CLANG_CXX_LANGUAGE_STANDARD = "gnu++20";
				CLANG_ENABLE_MODULES = YES;
				CLANG_ENABLE_OBJC_ARC = YES;
				CLANG_ENABLE_OBJC_WEAK = YES;
				CLANG_WARN_BLOCK_CAPTURE_AUTORELEASING = YES;
				CLANG_WARN_BOOL_CONVERSION = YES;
				CLANG_WARN_COMMA = YES;
				CLANG_WARN_CONSTANT_CONVERSION = YES;
				CLANG_WARN_DEPRECATED_OBJC_IMPLEMENTATIONS = YES;
				CLANG_WARN_DIRECT_OBJC_ISA_USAGE = YES_ERROR;
				CLANG_WARN_DOCUMENTATION_COMMENTS = YES;
				CLANG_WARN_EMPTY_BODY = YES;
				CLANG_WARN_ENUM_CONVERSION = YES;
				CLANG_WARN_INFINITE_RECURSION = YES;
				CLANG_WARN_INT_CONVERSION = YES;
				CLANG_WARN_NON_LITERAL_NULL_CONVERSION = YES;
				CLANG_WARN_OBJC_IMPLICIT_RETAIN_SELF = YES;
				CLANG_WARN_OBJC_LITERAL_CONVERSION = YES;
				CLANG_WARN_OBJC_ROOT_CLASS = YES_ERROR;
				CLANG_WARN_QUOTED_INCLUDE_IN_FRAMEWORK_HEADER = YES;
				CLANG_WARN_RANGE_LOOP_ANALYSIS = YES;
				CLANG_WARN_STRICT_PROTOTYPES = YES;
				CLANG_WARN_SUSPICIOUS_MOVE = YES;
				CLANG_WARN_UNGUARDED_AVAILABILITY = YES_AGGRESSIVE;
				CLANG_WARN_UNREACHABLE_CODE = YES;
				CLANG_WARN__DUPLICATE_METHOD_MATCH = YES;
				COPY_PHASE_STRIP = NO;
				DEBUG_INFORMATION_FORMAT = dwarf;
				ENABLE_STRICT_OBJC_MSGSEND = YES;
				ENABLE_TESTABILITY = YES;
				ENABLE_USER_SCRIPT_SANDBOXING = YES;
				GCC_C_LANGUAGE_STANDARD = gnu17;
				GCC_DYNAMIC_NO_PIC = NO;
				GCC_NO_COMMON_BLOCKS = YES;
				GCC_OPTIMIZATION_LEVEL = 0;
				GCC_PREPROCESSOR_DEFINITIONS = (
					"DEBUG=1",
					"$(inherited)",
				);
				GCC_WARN_64_TO_32_BIT_CONVERSION = YES;
				GCC_WARN_ABOUT_RETURN_TYPE = YES_ERROR;
				GCC_WARN_UNDECLARED_SELECTOR = YES;
				GCC_WARN_UNINITIALIZED_AUTOS = YES_AGGRESSIVE;
				GCC_WARN_UNUSED_FUNCTION = YES;
				GCC_WARN_UNUSED_VARIABLE = YES;
				IPHONEOS_DEPLOYMENT_TARGET = 17.0;
				LOCALIZATION_PREFERS_STRING_CATALOGS = YES;
				MTL_ENABLE_DEBUG_INFO = INCLUDE_SOURCE;
				MTL_FAST_MATH = YES;
				ONLY_ACTIVE_ARCH = YES;
				SDKROOT = iphoneos;
				SWIFT_ACTIVE_COMPILATION_CONDITIONS = "DEBUG $(inherited)";
				SWIFT_OPTIMIZATION_LEVEL = "-Onone";
			};
			name = Debug;
		};
		84EA4DC52B24DA53001B3CF0 /* Release */ = {
			isa = XCBuildConfiguration;
			buildSettings = {
				ALWAYS_SEARCH_USER_PATHS = NO;
				ASSETCATALOG_COMPILER_GENERATE_SWIFT_ASSET_SYMBOL_EXTENSIONS = YES;
				CLANG_ANALYZER_NONNULL = YES;
				CLANG_ANALYZER_NUMBER_OBJECT_CONVERSION = YES_AGGRESSIVE;
				CLANG_CXX_LANGUAGE_STANDARD = "gnu++20";
				CLANG_ENABLE_MODULES = YES;
				CLANG_ENABLE_OBJC_ARC = YES;
				CLANG_ENABLE_OBJC_WEAK = YES;
				CLANG_WARN_BLOCK_CAPTURE_AUTORELEASING = YES;
				CLANG_WARN_BOOL_CONVERSION = YES;
				CLANG_WARN_COMMA = YES;
				CLANG_WARN_CONSTANT_CONVERSION = YES;
				CLANG_WARN_DEPRECATED_OBJC_IMPLEMENTATIONS = YES;
				CLANG_WARN_DIRECT_OBJC_ISA_USAGE = YES_ERROR;
				CLANG_WARN_DOCUMENTATION_COMMENTS = YES;
				CLANG_WARN_EMPTY_BODY = YES;
				CLANG_WARN_ENUM_CONVERSION = YES;
				CLANG_WARN_INFINITE_RECURSION = YES;
				CLANG_WARN_INT_CONVERSION = YES;
				CLANG_WARN_NON_LITERAL_NULL_CONVERSION = YES;
				CLANG_WARN_OBJC_IMPLICIT_RETAIN_SELF = YES;
				CLANG_WARN_OBJC_LITERAL_CONVERSION = YES;
				CLANG_WARN_OBJC_ROOT_CLASS = YES_ERROR;
				CLANG_WARN_QUOTED_INCLUDE_IN_FRAMEWORK_HEADER = YES;
				CLANG_WARN_RANGE_LOOP_ANALYSIS = YES;
				CLANG_WARN_STRICT_PROTOTYPES = YES;
				CLANG_WARN_SUSPICIOUS_MOVE = YES;
				CLANG_WARN_UNGUARDED_AVAILABILITY = YES_AGGRESSIVE;
				CLANG_WARN_UNREACHABLE_CODE = YES;
				CLANG_WARN__DUPLICATE_METHOD_MATCH = YES;
				COPY_PHASE_STRIP = NO;
				DEBUG_INFORMATION_FORMAT = "dwarf-with-dsym";
				ENABLE_NS_ASSERTIONS = NO;
				ENABLE_STRICT_OBJC_MSGSEND = YES;
				ENABLE_USER_SCRIPT_SANDBOXING = YES;
				GCC_C_LANGUAGE_STANDARD = gnu17;
				GCC_NO_COMMON_BLOCKS = YES;
				GCC_WARN_64_TO_32_BIT_CONVERSION = YES;
				GCC_WARN_ABOUT_RETURN_TYPE = YES_ERROR;
				GCC_WARN_UNDECLARED_SELECTOR = YES;
				GCC_WARN_UNINITIALIZED_AUTOS = YES_AGGRESSIVE;
				GCC_WARN_UNUSED_FUNCTION = YES;
				GCC_WARN_UNUSED_VARIABLE = YES;
				IPHONEOS_DEPLOYMENT_TARGET = 17.0;
				LOCALIZATION_PREFERS_STRING_CATALOGS = YES;
				MTL_ENABLE_DEBUG_INFO = NO;
				MTL_FAST_MATH = YES;
				SDKROOT = iphoneos;
				SWIFT_COMPILATION_MODE = wholemodule;
				VALIDATE_PRODUCT = YES;
			};
			name = Release;
		};
		84EA4DC72B24DA53001B3CF0 /* Debug */ = {
			isa = XCBuildConfiguration;
			buildSettings = {
				ASSETCATALOG_COMPILER_APPICON_NAME = AppIcon;
				ASSETCATALOG_COMPILER_GLOBAL_ACCENT_COLOR_NAME = AccentColor;
				CODE_SIGN_STYLE = Automatic;
				CURRENT_PROJECT_VERSION = 1;
				DEVELOPMENT_ASSET_PATHS = "\"NC3 SwiftUI Repeatable List Of Objects/Preview Content\"";
				DEVELOPMENT_TEAM = FWJLKRF7KR;
				ENABLE_PREVIEWS = YES;
				GENERATE_INFOPLIST_FILE = YES;
				INFOPLIST_KEY_UIApplicationSceneManifest_Generation = YES;
				INFOPLIST_KEY_UIApplicationSupportsIndirectInputEvents = YES;
				INFOPLIST_KEY_UILaunchScreen_Generation = YES;
				INFOPLIST_KEY_UISupportedInterfaceOrientations_iPad = "UIInterfaceOrientationPortrait UIInterfaceOrientationPortraitUpsideDown UIInterfaceOrientationLandscapeLeft UIInterfaceOrientationLandscapeRight";
				INFOPLIST_KEY_UISupportedInterfaceOrientations_iPhone = "UIInterfaceOrientationPortrait UIInterfaceOrientationLandscapeLeft UIInterfaceOrientationLandscapeRight";
				LD_RUNPATH_SEARCH_PATHS = (
					"$(inherited)",
					"@executable_path/Frameworks",
				);
				MARKETING_VERSION = 1.0;
				PRODUCT_BUNDLE_IDENTIFIER = "com.jeremy.skrdlant.NC3-SwiftUI-Repeatable-List-Of-Objects";
				PRODUCT_NAME = "$(TARGET_NAME)";
				SWIFT_EMIT_LOC_STRINGS = YES;
				SWIFT_VERSION = 5.0;
				TARGETED_DEVICE_FAMILY = "1,2";
			};
			name = Debug;
		};
		84EA4DC82B24DA53001B3CF0 /* Release */ = {
			isa = XCBuildConfiguration;
			buildSettings = {
				ASSETCATALOG_COMPILER_APPICON_NAME = AppIcon;
				ASSETCATALOG_COMPILER_GLOBAL_ACCENT_COLOR_NAME = AccentColor;
				CODE_SIGN_STYLE = Automatic;
				CURRENT_PROJECT_VERSION = 1;
				DEVELOPMENT_ASSET_PATHS = "\"NC3 SwiftUI Repeatable List Of Objects/Preview Content\"";
				DEVELOPMENT_TEAM = FWJLKRF7KR;
				ENABLE_PREVIEWS = YES;
				GENERATE_INFOPLIST_FILE = YES;
				INFOPLIST_KEY_UIApplicationSceneManifest_Generation = YES;
				INFOPLIST_KEY_UIApplicationSupportsIndirectInputEvents = YES;
				INFOPLIST_KEY_UILaunchScreen_Generation = YES;
				INFOPLIST_KEY_UISupportedInterfaceOrientations_iPad = "UIInterfaceOrientationPortrait UIInterfaceOrientationPortraitUpsideDown UIInterfaceOrientationLandscapeLeft UIInterfaceOrientationLandscapeRight";
				INFOPLIST_KEY_UISupportedInterfaceOrientations_iPhone = "UIInterfaceOrientationPortrait UIInterfaceOrientationLandscapeLeft UIInterfaceOrientationLandscapeRight";
				LD_RUNPATH_SEARCH_PATHS = (
					"$(inherited)",
					"@executable_path/Frameworks",
				);
				MARKETING_VERSION = 1.0;
				PRODUCT_BUNDLE_IDENTIFIER = "com.jeremy.skrdlant.NC3-SwiftUI-Repeatable-List-Of-Objects";
				PRODUCT_NAME = "$(TARGET_NAME)";
				SWIFT_EMIT_LOC_STRINGS = YES;
				SWIFT_VERSION = 5.0;
				TARGETED_DEVICE_FAMILY = "1,2";
			};
			name = Release;
		};
/* End XCBuildConfiguration section */

/* Begin XCConfigurationList section */
		84EA4DB32B24DA51001B3CF0 /* Build configuration list for PBXProject "NC3 SwiftUI Repeatable List Of Objects" */ = {
			isa = XCConfigurationList;
			buildConfigurations = (
				84EA4DC42B24DA53001B3CF0 /* Debug */,
				84EA4DC52B24DA53001B3CF0 /* Release */,
			);
			defaultConfigurationIsVisible = 0;
			defaultConfigurationName = Release;
		};
		84EA4DC62B24DA53001B3CF0 /* Build configuration list for PBXNativeTarget "NC3 SwiftUI Repeatable List Of Objects" */ = {
			isa = XCConfigurationList;
			buildConfigurations = (
				84EA4DC72B24DA53001B3CF0 /* Debug */,
				84EA4DC82B24DA53001B3CF0 /* Release */,
			);
			defaultConfigurationIsVisible = 0;
			defaultConfigurationName = Release;
		};
/* End XCConfigurationList section */
	};
	rootObject = 84EA4DB02B24DA51001B3CF0 /* Project object */;
}
